{
	"name": "diffs",
	"version": "0.0.0",
	"lockfileVersion": 3,
	"requires": true,
	"packages": {
		"": {
			"name": "diffs",
			"version": "0.0.0",
			"dependencies": {
				"@base-ui/react": "^1.0.0",
				"@pierre/diffs": "^1.0.2",
				"react": "^19.2.0",
				"react-dom": "^19.2.0"
			},
			"devDependencies": {
				"@biomejs/biome": "2.3.10",
				"@types/node": "^24.10.1",
				"@types/react": "^19.2.5",
				"@types/react-dom": "^19.2.3",
				"@vitejs/plugin-react-swc": "^4.2.2",
				"globals": "^16.5.0",
				"typescript": "~5.9.3",
				"vite": "npm:rolldown-vite@7.2.5"
			}
		},
		"node_modules/@babel/runtime": {
			"version": "7.28.4",
			"resolved": "https://registry.npmjs.org/@babel/runtime/-/runtime-7.28.4.tgz",
			"integrity": "sha512-Q/N6JNWvIvPnLDvjlE1OUBLPQHH6l3CltCEsHIujp45zQUSSh8K+gHnaEX45yAT1nyngnINhvWtzN+Nb9D8RAQ==",
			"license": "MIT",
			"engines": {
				"node": ">=6.9.0"
			}
		},
		"node_modules/@base-ui/react": {
			"version": "1.0.0",
			"resolved": "https://registry.npmjs.org/@base-ui/react/-/react-1.0.0.tgz",
			"integrity": "sha512-4USBWz++DUSLTuIYpbYkSgy1F9ZmNG9S/lXvlUN6qMK0P0RlW+6eQmDUB4DgZ7HVvtXl4pvi4z5J2fv6Z3+9hg==",
			"license": "MIT",
			"dependencies": {
				"@babel/runtime": "^7.28.4",
				"@base-ui/utils": "0.2.3",
				"@floating-ui/react-dom": "^2.1.6",
				"@floating-ui/utils": "^0.2.10",
				"reselect": "^5.1.1",
				"tabbable": "^6.3.0",
				"use-sync-external-store": "^1.6.0"
			},
			"engines": {
				"node": ">=14.0.0"
			},
			"funding": {
				"type": "opencollective",
				"url": "https://opencollective.com/mui-org"
			},
			"peerDependencies": {
				"@types/react": "^17 || ^18 || ^19",
				"react": "^17 || ^18 || ^19",
				"react-dom": "^17 || ^18 || ^19"
			},
			"peerDependenciesMeta": {
				"@types/react": {
					"optional": true
				}
			}
		},
		"node_modules/@base-ui/utils": {
			"version": "0.2.3",
			"resolved": "https://registry.npmjs.org/@base-ui/utils/-/utils-0.2.3.tgz",
			"integrity": "sha512-/CguQ2PDaOzeVOkllQR8nocJ0FFIDqsWIcURsVmm53QGo8NhFNpePjNlyPIB41luxfOqnG7PU0xicMEw3ls7XQ==",
			"license": "MIT",
			"dependencies": {
				"@babel/runtime": "^7.28.4",
				"@floating-ui/utils": "^0.2.10",
				"reselect": "^5.1.1",
				"use-sync-external-store": "^1.6.0"
			},
			"peerDependencies": {
				"@types/react": "^17 || ^18 || ^19",
				"react": "^17 || ^18 || ^19",
				"react-dom": "^17 || ^18 || ^19"
			},
			"peerDependenciesMeta": {
				"@types/react": {
					"optional": true
				}
			}
		},
		"node_modules/@biomejs/biome": {
			"version": "2.3.10",
			"dev": true,
			"license": "MIT OR Apache-2.0",
			"bin": {
				"biome": "bin/biome"
			},
			"engines": {
				"node": ">=14.21.3"
			},
			"funding": {
				"type": "opencollective",
				"url": "https://opencollective.com/biome"
			},
			"optionalDependencies": {
				"@biomejs/cli-darwin-arm64": "2.3.10",
				"@biomejs/cli-darwin-x64": "2.3.10",
				"@biomejs/cli-linux-arm64": "2.3.10",
				"@biomejs/cli-linux-arm64-musl": "2.3.10",
				"@biomejs/cli-linux-x64": "2.3.10",
				"@biomejs/cli-linux-x64-musl": "2.3.10",
				"@biomejs/cli-win32-arm64": "2.3.10",
				"@biomejs/cli-win32-x64": "2.3.10"
			}
		},
		"node_modules/@biomejs/cli-darwin-arm64": {
			"version": "2.3.10",
			"cpu": [
				"arm64"
			],
			"dev": true,
			"license": "MIT OR Apache-2.0",
			"optional": true,
			"os": [
				"darwin"
			],
			"engines": {
				"node": ">=14.21.3"
			}
		},
		"node_modules/@floating-ui/core": {
			"version": "1.7.3",
			"license": "MIT",
			"dependencies": {
				"@floating-ui/utils": "^0.2.10"
			}
		},
		"node_modules/@floating-ui/dom": {
			"version": "1.7.4",
			"license": "MIT",
			"dependencies": {
				"@floating-ui/core": "^1.7.3",
				"@floating-ui/utils": "^0.2.10"
			}
		},
		"node_modules/@floating-ui/react-dom": {
			"version": "2.1.6",
			"license": "MIT",
			"dependencies": {
				"@floating-ui/dom": "^1.7.4"
			},
			"peerDependencies": {
				"react": ">=16.8.0",
				"react-dom": ">=16.8.0"
			}
		},
		"node_modules/@floating-ui/utils": {
			"version": "0.2.10",
			"license": "MIT"
		},
		"node_modules/@oxc-project/runtime": {
			"version": "0.97.0",
			"dev": true,
			"license": "MIT",
			"engines": {
				"node": "^20.19.0 || >=22.12.0"
			}
		},
		"node_modules/@oxc-project/types": {
			"version": "0.97.0",
			"dev": true,
			"license": "MIT",
			"funding": {
				"url": "https://github.com/sponsors/Boshen"
			}
		},
		"node_modules/@pierre/diffs": {
			"version": "1.0.2",
			"license": "apache-2.0",
			"dependencies": {
				"@shikijs/core": "^3.0.0",
				"@shikijs/engine-javascript": "3.19.0",
				"@shikijs/transformers": "3.19.0",
				"diff": "8.0.2",
				"hast-util-to-html": "9.0.5",
				"lru_map": "0.4.1",
				"shiki": "3.19.0"
			},
			"peerDependencies": {
				"react": "^18.3.1 || ^19.0.0",
				"react-dom": "^18.3.1 || ^19.0.0"
			}
		},
		"node_modules/@rolldown/binding-darwin-arm64": {
			"version": "1.0.0-beta.50",
			"cpu": [
				"arm64"
			],
			"dev": true,
			"license": "MIT",
			"optional": true,
			"os": [
				"darwin"
			],
			"engines": {
				"node": "^20.19.0 || >=22.12.0"
			}
		},
		"node_modules/@rolldown/pluginutils": {
			"version": "1.0.0-beta.47",
			"dev": true,
			"license": "MIT"
		},
		"node_modules/@shikijs/core": {
			"version": "3.20.0",
			"license": "MIT",
			"dependencies": {
				"@shikijs/types": "3.20.0",
				"@shikijs/vscode-textmate": "^10.0.2",
				"@types/hast": "^3.0.4",
				"hast-util-to-html": "^9.0.5"
			}
		},
		"node_modules/@shikijs/engine-javascript": {
			"version": "3.19.0",
			"license": "MIT",
			"dependencies": {
				"@shikijs/types": "3.19.0",
				"@shikijs/vscode-textmate": "^10.0.2",
				"oniguruma-to-es": "^4.3.4"
			}
		},
		"node_modules/@shikijs/engine-javascript/node_modules/@shikijs/types": {
			"version": "3.19.0",
			"license": "MIT",
			"dependencies": {
				"@shikijs/vscode-textmate": "^10.0.2",
				"@types/hast": "^3.0.4"
			}
		},
		"node_modules/@shikijs/engine-oniguruma": {
			"version": "3.19.0",
			"license": "MIT",
			"dependencies": {
				"@shikijs/types": "3.19.0",
				"@shikijs/vscode-textmate": "^10.0.2"
			}
		},
		"node_modules/@shikijs/engine-oniguruma/node_modules/@shikijs/types": {
			"version": "3.19.0",
			"license": "MIT",
			"dependencies": {
				"@shikijs/vscode-textmate": "^10.0.2",
				"@types/hast": "^3.0.4"
			}
		},
		"node_modules/@shikijs/langs": {
			"version": "3.19.0",
			"license": "MIT",
			"dependencies": {
				"@shikijs/types": "3.19.0"
			}
		},
		"node_modules/@shikijs/langs/node_modules/@shikijs/types": {
			"version": "3.19.0",
			"license": "MIT",
			"dependencies": {
				"@shikijs/vscode-textmate": "^10.0.2",
				"@types/hast": "^3.0.4"
			}
		},
		"node_modules/@shikijs/themes": {
			"version": "3.19.0",
			"license": "MIT",
			"dependencies": {
				"@shikijs/types": "3.19.0"
			}
		},
		"node_modules/@shikijs/themes/node_modules/@shikijs/types": {
			"version": "3.19.0",
			"license": "MIT",
			"dependencies": {
				"@shikijs/vscode-textmate": "^10.0.2",
				"@types/hast": "^3.0.4"
			}
		},
		"node_modules/@shikijs/transformers": {
			"version": "3.19.0",
			"license": "MIT",
			"dependencies": {
				"@shikijs/core": "3.19.0",
				"@shikijs/types": "3.19.0"
			}
		},
		"node_modules/@shikijs/transformers/node_modules/@shikijs/core": {
			"version": "3.19.0",
			"license": "MIT",
			"dependencies": {
				"@shikijs/types": "3.19.0",
				"@shikijs/vscode-textmate": "^10.0.2",
				"@types/hast": "^3.0.4",
				"hast-util-to-html": "^9.0.5"
			}
		},
		"node_modules/@shikijs/transformers/node_modules/@shikijs/types": {
			"version": "3.19.0",
			"license": "MIT",
			"dependencies": {
				"@shikijs/vscode-textmate": "^10.0.2",
				"@types/hast": "^3.0.4"
			}
		},
		"node_modules/@shikijs/types": {
			"version": "3.20.0",
			"license": "MIT",
			"dependencies": {
				"@shikijs/vscode-textmate": "^10.0.2",
				"@types/hast": "^3.0.4"
			}
		},
		"node_modules/@shikijs/vscode-textmate": {
			"version": "10.0.2",
			"license": "MIT"
		},
		"node_modules/@swc/core": {
			"version": "1.15.7",
			"dev": true,
			"hasInstallScript": true,
			"license": "Apache-2.0",
			"dependencies": {
				"@swc/counter": "^0.1.3",
				"@swc/types": "^0.1.25"
			},
			"engines": {
				"node": ">=10"
			},
			"funding": {
				"type": "opencollective",
				"url": "https://opencollective.com/swc"
			},
			"optionalDependencies": {
				"@swc/core-darwin-arm64": "1.15.7",
				"@swc/core-darwin-x64": "1.15.7",
				"@swc/core-linux-arm-gnueabihf": "1.15.7",
				"@swc/core-linux-arm64-gnu": "1.15.7",
				"@swc/core-linux-arm64-musl": "1.15.7",
				"@swc/core-linux-x64-gnu": "1.15.7",
				"@swc/core-linux-x64-musl": "1.15.7",
				"@swc/core-win32-arm64-msvc": "1.15.7",
				"@swc/core-win32-ia32-msvc": "1.15.7",
				"@swc/core-win32-x64-msvc": "1.15.7"
			},
			"peerDependencies": {
				"@swc/helpers": ">=0.5.17"
			},
			"peerDependenciesMeta": {
				"@swc/helpers": {
					"optional": true
				}
			}
		},
		"node_modules/@swc/core-darwin-arm64": {
			"version": "1.15.7",
			"cpu": [
				"arm64"
			],
			"dev": true,
			"license": "Apache-2.0 AND MIT",
			"optional": true,
			"os": [
				"darwin"
			],
			"engines": {
				"node": ">=10"
			}
		},
		"node_modules/@swc/counter": {
			"version": "0.1.3",
			"dev": true,
			"license": "Apache-2.0"
		},
		"node_modules/@swc/types": {
			"version": "0.1.25",
			"dev": true,
			"license": "Apache-2.0",
			"dependencies": {
				"@swc/counter": "^0.1.3"
			}
		},
		"node_modules/@types/hast": {
			"version": "3.0.4",
			"license": "MIT",
			"dependencies": {
				"@types/unist": "*"
			}
		},
		"node_modules/@types/mdast": {
			"version": "4.0.4",
			"license": "MIT",
			"dependencies": {
				"@types/unist": "*"
			}
		},
		"node_modules/@types/node": {
			"version": "24.10.4",
			"dev": true,
			"license": "MIT",
			"dependencies": {
				"undici-types": "~7.16.0"
			}
		},
		"node_modules/@types/react": {
			"version": "19.2.7",
			"devOptional": true,
			"license": "MIT",
			"dependencies": {
				"csstype": "^3.2.2"
			}
		},
		"node_modules/@types/react-dom": {
			"version": "19.2.3",
			"dev": true,
			"license": "MIT",
			"peerDependencies": {
				"@types/react": "^19.2.0"
			}
		},
		"node_modules/@types/unist": {
			"version": "3.0.3",
			"license": "MIT"
		},
		"node_modules/@ungap/structured-clone": {
			"version": "1.3.0",
			"license": "ISC"
		},
		"node_modules/@vitejs/plugin-react-swc": {
			"version": "4.2.2",
			"dev": true,
			"license": "MIT",
			"dependencies": {
				"@rolldown/pluginutils": "1.0.0-beta.47",
				"@swc/core": "^1.13.5"
			},
			"engines": {
				"node": "^20.19.0 || >=22.12.0"
			},
			"peerDependencies": {
				"vite": "^4 || ^5 || ^6 || ^7"
			}
		},
		"node_modules/ccount": {
			"version": "2.0.1",
			"license": "MIT",
			"funding": {
				"type": "github",
				"url": "https://github.com/sponsors/wooorm"
			}
		},
		"node_modules/character-entities-html4": {
			"version": "2.1.0",
			"license": "MIT",
			"funding": {
				"type": "github",
				"url": "https://github.com/sponsors/wooorm"
			}
		},
		"node_modules/character-entities-legacy": {
			"version": "3.0.0",
			"license": "MIT",
			"funding": {
				"type": "github",
				"url": "https://github.com/sponsors/wooorm"
			}
		},
		"node_modules/comma-separated-tokens": {
			"version": "2.0.3",
			"license": "MIT",
			"funding": {
				"type": "github",
				"url": "https://github.com/sponsors/wooorm"
			}
		},
		"node_modules/csstype": {
			"version": "3.2.3",
			"devOptional": true,
			"license": "MIT"
		},
		"node_modules/dequal": {
			"version": "2.0.3",
			"license": "MIT",
			"engines": {
				"node": ">=6"
			}
		},
		"node_modules/detect-libc": {
			"version": "2.1.2",
			"dev": true,
			"license": "Apache-2.0",
			"engines": {
				"node": ">=8"
			}
		},
		"node_modules/devlop": {
			"version": "1.1.0",
			"license": "MIT",
			"dependencies": {
				"dequal": "^2.0.0"
			},
			"funding": {
				"type": "github",
				"url": "https://github.com/sponsors/wooorm"
			}
		},
		"node_modules/diff": {
			"version": "8.0.2",
			"license": "BSD-3-Clause",
			"engines": {
				"node": ">=0.3.1"
			}
		},
		"node_modules/fdir": {
			"version": "6.5.0",
			"dev": true,
			"license": "MIT",
			"engines": {
				"node": ">=12.0.0"
			},
			"peerDependencies": {
				"picomatch": "^3 || ^4"
			},
			"peerDependenciesMeta": {
				"picomatch": {
					"optional": true
				}
			}
		},
		"node_modules/fsevents": {
			"version": "2.3.3",
			"dev": true,
			"license": "MIT",
			"optional": true,
			"os": [
				"darwin"
			],
			"engines": {
				"node": "^8.16.0 || ^10.6.0 || >=11.0.0"
			}
		},
		"node_modules/globals": {
			"version": "16.5.0",
			"dev": true,
			"license": "MIT",
			"engines": {
				"node": ">=18"
			},
			"funding": {
				"url": "https://github.com/sponsors/sindresorhus"
			}
		},
		"node_modules/hast-util-to-html": {
			"version": "9.0.5",
			"license": "MIT",
			"dependencies": {
				"@types/hast": "^3.0.0",
				"@types/unist": "^3.0.0",
				"ccount": "^2.0.0",
				"comma-separated-tokens": "^2.0.0",
				"hast-util-whitespace": "^3.0.0",
				"html-void-elements": "^3.0.0",
				"mdast-util-to-hast": "^13.0.0",
				"property-information": "^7.0.0",
				"space-separated-tokens": "^2.0.0",
				"stringify-entities": "^4.0.0",
				"zwitch": "^2.0.4"
			},
			"funding": {
				"type": "opencollective",
				"url": "https://opencollective.com/unified"
			}
		},
		"node_modules/hast-util-whitespace": {
			"version": "3.0.0",
			"license": "MIT",
			"dependencies": {
				"@types/hast": "^3.0.0"
			},
			"funding": {
				"type": "opencollective",
				"url": "https://opencollective.com/unified"
			}
		},
		"node_modules/html-void-elements": {
			"version": "3.0.0",
			"license": "MIT",
			"funding": {
				"type": "github",
				"url": "https://github.com/sponsors/wooorm"
			}
		},
		"node_modules/lightningcss": {
			"version": "1.30.2",
			"dev": true,
			"license": "MPL-2.0",
			"dependencies": {
				"detect-libc": "^2.0.3"
			},
			"engines": {
				"node": ">= 12.0.0"
			},
			"funding": {
				"type": "opencollective",
				"url": "https://opencollective.com/parcel"
			},
			"optionalDependencies": {
				"lightningcss-android-arm64": "1.30.2",
				"lightningcss-darwin-arm64": "1.30.2",
				"lightningcss-darwin-x64": "1.30.2",
				"lightningcss-freebsd-x64": "1.30.2",
				"lightningcss-linux-arm-gnueabihf": "1.30.2",
				"lightningcss-linux-arm64-gnu": "1.30.2",
				"lightningcss-linux-arm64-musl": "1.30.2",
				"lightningcss-linux-x64-gnu": "1.30.2",
				"lightningcss-linux-x64-musl": "1.30.2",
				"lightningcss-win32-arm64-msvc": "1.30.2",
				"lightningcss-win32-x64-msvc": "1.30.2"
			}
		},
		"node_modules/lightningcss-darwin-arm64": {
			"version": "1.30.2",
			"cpu": [
				"arm64"
			],
			"dev": true,
			"license": "MPL-2.0",
			"optional": true,
			"os": [
				"darwin"
			],
			"engines": {
				"node": ">= 12.0.0"
			},
			"funding": {
				"type": "opencollective",
				"url": "https://opencollective.com/parcel"
			}
		},
		"node_modules/lru_map": {
			"version": "0.4.1",
			"license": "MIT"
		},
		"node_modules/mdast-util-to-hast": {
			"version": "13.2.1",
			"license": "MIT",
			"dependencies": {
				"@types/hast": "^3.0.0",
				"@types/mdast": "^4.0.0",
				"@ungap/structured-clone": "^1.0.0",
				"devlop": "^1.0.0",
				"micromark-util-sanitize-uri": "^2.0.0",
				"trim-lines": "^3.0.0",
				"unist-util-position": "^5.0.0",
				"unist-util-visit": "^5.0.0",
				"vfile": "^6.0.0"
			},
			"funding": {
				"type": "opencollective",
				"url": "https://opencollective.com/unified"
			}
		},
		"node_modules/micromark-util-character": {
			"version": "2.1.1",
			"funding": [
				{
					"type": "GitHub Sponsors",
					"url": "https://github.com/sponsors/unifiedjs"
				},
				{
					"type": "OpenCollective",
					"url": "https://opencollective.com/unified"
				}
			],
			"license": "MIT",
			"dependencies": {
				"micromark-util-symbol": "^2.0.0",
				"micromark-util-types": "^2.0.0"
			}
		},
		"node_modules/micromark-util-encode": {
			"version": "2.0.1",
			"funding": [
				{
					"type": "GitHub Sponsors",
					"url": "https://github.com/sponsors/unifiedjs"
				},
				{
					"type": "OpenCollective",
					"url": "https://opencollective.com/unified"
				}
			],
			"license": "MIT"
		},
		"node_modules/micromark-util-sanitize-uri": {
			"version": "2.0.1",
			"funding": [
				{
					"type": "GitHub Sponsors",
					"url": "https://github.com/sponsors/unifiedjs"
				},
				{
					"type": "OpenCollective",
					"url": "https://opencollective.com/unified"
				}
			],
			"license": "MIT",
			"dependencies": {
				"micromark-util-character": "^2.0.0",
				"micromark-util-encode": "^2.0.0",
				"micromark-util-symbol": "^2.0.0"
			}
		},
		"node_modules/micromark-util-symbol": {
			"version": "2.0.1",
			"funding": [
				{
					"type": "GitHub Sponsors",
					"url": "https://github.com/sponsors/unifiedjs"
				},
				{
					"type": "OpenCollective",
					"url": "https://opencollective.com/unified"
				}
			],
			"license": "MIT"
		},
		"node_modules/micromark-util-types": {
			"version": "2.0.2",
			"funding": [
				{
					"type": "GitHub Sponsors",
					"url": "https://github.com/sponsors/unifiedjs"
				},
				{
					"type": "OpenCollective",
					"url": "https://opencollective.com/unified"
				}
			],
			"license": "MIT"
		},
		"node_modules/nanoid": {
			"version": "3.3.11",
			"dev": true,
			"funding": [
				{
					"type": "github",
					"url": "https://github.com/sponsors/ai"
				}
			],
			"license": "MIT",
			"bin": {
				"nanoid": "bin/nanoid.cjs"
			},
			"engines": {
				"node": "^10 || ^12 || ^13.7 || ^14 || >=15.0.1"
			}
		},
		"node_modules/oniguruma-parser": {
			"version": "0.12.1",
			"license": "MIT"
		},
		"node_modules/oniguruma-to-es": {
			"version": "4.3.4",
			"license": "MIT",
			"dependencies": {
				"oniguruma-parser": "^0.12.1",
				"regex": "^6.0.1",
				"regex-recursion": "^6.0.2"
			}
		},
		"node_modules/picocolors": {
			"version": "1.1.1",
			"dev": true,
			"license": "ISC"
		},
		"node_modules/picomatch": {
			"version": "4.0.3",
			"dev": true,
			"license": "MIT",
			"engines": {
				"node": ">=12"
			},
			"funding": {
				"url": "https://github.com/sponsors/jonschlinkert"
			}
		},
		"node_modules/postcss": {
			"version": "8.5.6",
			"dev": true,
			"funding": [
				{
					"type": "opencollective",
					"url": "https://opencollective.com/postcss/"
				},
				{
					"type": "tidelift",
					"url": "https://tidelift.com/funding/github/npm/postcss"
				},
				{
					"type": "github",
					"url": "https://github.com/sponsors/ai"
				}
			],
			"license": "MIT",
			"dependencies": {
				"nanoid": "^3.3.11",
				"picocolors": "^1.1.1",
				"source-map-js": "^1.2.1"
			},
			"engines": {
				"node": "^10 || ^12 || >=14"
			}
		},
		"node_modules/property-information": {
			"version": "7.1.0",
			"license": "MIT",
			"funding": {
				"type": "github",
				"url": "https://github.com/sponsors/wooorm"
			}
		},
		"node_modules/react": {
			"version": "19.2.3",
			"license": "MIT",
			"engines": {
				"node": ">=0.10.0"
			}
		},
		"node_modules/react-dom": {
			"version": "19.2.3",
			"license": "MIT",
			"dependencies": {
				"scheduler": "^0.27.0"
			},
			"peerDependencies": {
				"react": "^19.2.3"
			}
		},
		"node_modules/regex": {
			"version": "6.1.0",
			"license": "MIT",
			"dependencies": {
				"regex-utilities": "^2.3.0"
			}
		},
		"node_modules/regex-recursion": {
			"version": "6.0.2",
			"license": "MIT",
			"dependencies": {
				"regex-utilities": "^2.3.0"
			}
		},
		"node_modules/regex-utilities": {
			"version": "2.3.0",
			"license": "MIT"
		},
		"node_modules/reselect": {
			"version": "5.1.1",
			"resolved": "https://registry.npmjs.org/reselect/-/reselect-5.1.1.tgz",
			"integrity": "sha512-K/BG6eIky/SBpzfHZv/dd+9JBFiS4SWV7FIujVyJRux6e45+73RaUHXLmIR1f7WOMaQ0U1km6qwklRQxpJJY0w==",
			"license": "MIT"
		},
		"node_modules/rolldown": {
			"version": "1.0.0-beta.50",
			"dev": true,
			"license": "MIT",
			"dependencies": {
				"@oxc-project/types": "=0.97.0",
				"@rolldown/pluginutils": "1.0.0-beta.50"
			},
			"bin": {
				"rolldown": "bin/cli.mjs"
			},
			"engines": {
				"node": "^20.19.0 || >=22.12.0"
			},
			"optionalDependencies": {
				"@rolldown/binding-android-arm64": "1.0.0-beta.50",
				"@rolldown/binding-darwin-arm64": "1.0.0-beta.50",
				"@rolldown/binding-darwin-x64": "1.0.0-beta.50",
				"@rolldown/binding-freebsd-x64": "1.0.0-beta.50",
				"@rolldown/binding-linux-arm-gnueabihf": "1.0.0-beta.50",
				"@rolldown/binding-linux-arm64-gnu": "1.0.0-beta.50",
				"@rolldown/binding-linux-arm64-musl": "1.0.0-beta.50",
				"@rolldown/binding-linux-x64-gnu": "1.0.0-beta.50",
				"@rolldown/binding-linux-x64-musl": "1.0.0-beta.50",
				"@rolldown/binding-openharmony-arm64": "1.0.0-beta.50",
				"@rolldown/binding-wasm32-wasi": "1.0.0-beta.50",
				"@rolldown/binding-win32-arm64-msvc": "1.0.0-beta.50",
				"@rolldown/binding-win32-ia32-msvc": "1.0.0-beta.50",
				"@rolldown/binding-win32-x64-msvc": "1.0.0-beta.50"
			}
		},
		"node_modules/rolldown/node_modules/@rolldown/pluginutils": {
			"version": "1.0.0-beta.50",
			"dev": true,
			"license": "MIT"
		},
		"node_modules/scheduler": {
			"version": "0.27.0",
			"license": "MIT"
		},
		"node_modules/shiki": {
			"version": "3.19.0",
			"license": "MIT",
			"dependencies": {
				"@shikijs/core": "3.19.0",
				"@shikijs/engine-javascript": "3.19.0",
				"@shikijs/engine-oniguruma": "3.19.0",
				"@shikijs/langs": "3.19.0",
				"@shikijs/themes": "3.19.0",
				"@shikijs/types": "3.19.0",
				"@shikijs/vscode-textmate": "^10.0.2",
				"@types/hast": "^3.0.4"
			}
		},
		"node_modules/shiki/node_modules/@shikijs/core": {
			"version": "3.19.0",
			"license": "MIT",
			"dependencies": {
				"@shikijs/types": "3.19.0",
				"@shikijs/vscode-textmate": "^10.0.2",
				"@types/hast": "^3.0.4",
				"hast-util-to-html": "^9.0.5"
			}
		},
		"node_modules/shiki/node_modules/@shikijs/types": {
			"version": "3.19.0",
			"license": "MIT",
			"dependencies": {
				"@shikijs/vscode-textmate": "^10.0.2",
				"@types/hast": "^3.0.4"
			}
		},
		"node_modules/source-map-js": {
			"version": "1.2.1",
			"dev": true,
			"license": "BSD-3-Clause",
			"engines": {
				"node": ">=0.10.0"
			}
		},
		"node_modules/space-separated-tokens": {
			"version": "2.0.2",
			"license": "MIT",
			"funding": {
				"type": "github",
				"url": "https://github.com/sponsors/wooorm"
			}
		},
		"node_modules/stringify-entities": {
			"version": "4.0.4",
			"license": "MIT",
			"dependencies": {
				"character-entities-html4": "^2.0.0",
				"character-entities-legacy": "^3.0.0"
			},
			"funding": {
				"type": "github",
				"url": "https://github.com/sponsors/wooorm"
			}
		},
		"node_modules/tabbable": {
			"version": "6.3.0",
			"resolved": "https://registry.npmjs.org/tabbable/-/tabbable-6.3.0.tgz",
			"integrity": "sha512-EIHvdY5bPLuWForiR/AN2Bxngzpuwn1is4asboytXtpTgsArc+WmSJKVLlhdh71u7jFcryDqB2A8lQvj78MkyQ==",
			"license": "MIT"
		},
		"node_modules/tinyglobby": {
			"version": "0.2.15",
			"dev": true,
			"license": "MIT",
			"dependencies": {
				"fdir": "^6.5.0",
				"picomatch": "^4.0.3"
			},
			"engines": {
				"node": ">=12.0.0"
			},
			"funding": {
				"url": "https://github.com/sponsors/SuperchupuDev"
			}
		},
		"node_modules/trim-lines": {
			"version": "3.0.1",
			"license": "MIT",
			"funding": {
				"type": "github",
				"url": "https://github.com/sponsors/wooorm"
			}
		},
		"node_modules/typescript": {
			"version": "5.9.3",
			"dev": true,
			"license": "Apache-2.0",
			"bin": {
				"tsc": "bin/tsc",
				"tsserver": "bin/tsserver"
			},
			"engines": {
				"node": ">=14.17"
			}
		},
		"node_modules/undici-types": {
			"version": "7.16.0",
			"dev": true,
			"license": "MIT"
		},
		"node_modules/unist-util-is": {
			"version": "6.0.1",
			"license": "MIT",
			"dependencies": {
				"@types/unist": "^3.0.0"
			},
			"funding": {
				"type": "opencollective",
				"url": "https://opencollective.com/unified"
			}
		},
		"node_modules/unist-util-position": {
			"version": "5.0.0",
			"license": "MIT",
			"dependencies": {
				"@types/unist": "^3.0.0"
			},
			"funding": {
				"type": "opencollective",
				"url": "https://opencollective.com/unified"
			}
		},
		"node_modules/unist-util-stringify-position": {
			"version": "4.0.0",
			"license": "MIT",
			"dependencies": {
				"@types/unist": "^3.0.0"
			},
			"funding": {
				"type": "opencollective",
				"url": "https://opencollective.com/unified"
			}
		},
		"node_modules/unist-util-visit": {
			"version": "5.0.0",
			"license": "MIT",
			"dependencies": {
				"@types/unist": "^3.0.0",
				"unist-util-is": "^6.0.0",
				"unist-util-visit-parents": "^6.0.0"
			},
			"funding": {
				"type": "opencollective",
				"url": "https://opencollective.com/unified"
			}
		},
		"node_modules/unist-util-visit-parents": {
			"version": "6.0.2",
			"license": "MIT",
			"dependencies": {
				"@types/unist": "^3.0.0",
				"unist-util-is": "^6.0.0"
			},
			"funding": {
				"type": "opencollective",
				"url": "https://opencollective.com/unified"
			}
		},
		"node_modules/use-sync-external-store": {
			"version": "1.6.0",
			"license": "MIT",
			"peerDependencies": {
				"react": "^16.8.0 || ^17.0.0 || ^18.0.0 || ^19.0.0"
			}
		},
		"node_modules/vfile": {
			"version": "6.0.3",
			"license": "MIT",
			"dependencies": {
				"@types/unist": "^3.0.0",
				"vfile-message": "^4.0.0"
			},
			"funding": {
				"type": "opencollective",
				"url": "https://opencollective.com/unified"
			}
		},
		"node_modules/vfile-message": {
			"version": "4.0.3",
			"license": "MIT",
			"dependencies": {
				"@types/unist": "^3.0.0",
				"unist-util-stringify-position": "^4.0.0"
			},
			"funding": {
				"type": "opencollective",
				"url": "https://opencollective.com/unified"
			}
		},
		"node_modules/vite": {
			"name": "rolldown-vite",
			"version": "7.2.5",
			"dev": true,
			"license": "MIT",
			"dependencies": {
				"@oxc-project/runtime": "0.97.0",
				"fdir": "^6.5.0",
				"lightningcss": "^1.30.2",
				"picomatch": "^4.0.3",
				"postcss": "^8.5.6",
				"rolldown": "1.0.0-beta.50",
				"tinyglobby": "^0.2.15"
			},
			"bin": {
				"vite": "bin/vite.js"
			},
			"engines": {
				"node": "^20.19.0 || >=22.12.0"
			},
			"funding": {
				"url": "https://github.com/vitejs/vite?sponsor=1"
			},
			"optionalDependencies": {
				"fsevents": "~2.3.3"
			},
			"peerDependencies": {
				"@types/node": "^20.19.0 || >=22.12.0",
				"esbuild": "^0.25.0",
				"jiti": ">=1.21.0",
				"less": "^4.0.0",
				"sass": "^1.70.0",
				"sass-embedded": "^1.70.0",
				"stylus": ">=0.54.8",
				"sugarss": "^5.0.0",
				"terser": "^5.16.0",
				"tsx": "^4.8.1",
				"yaml": "^2.4.2"
			},
			"peerDependenciesMeta": {
				"@types/node": {
					"optional": true
				},
				"esbuild": {
					"optional": true
				},
				"jiti": {
					"optional": true
				},
				"less": {
					"optional": true
				},
				"sass": {
					"optional": true
				},
				"sass-embedded": {
					"optional": true
				},
				"stylus": {
					"optional": true
				},
				"sugarss": {
					"optional": true
				},
				"terser": {
					"optional": true
				},
				"tsx": {
					"optional": true
				},
				"yaml": {
					"optional": true
				}
			}
		},
		"node_modules/zwitch": {
			"version": "2.0.4",
			"license": "MIT",
			"funding": {
				"type": "github",
				"url": "https://github.com/sponsors/wooorm"
			}
		}
	}
}
